<?xml version="1.0" encoding="utf-8"?>
<Project ToolsVersion="4.0" xmlns="http://schemas.microsoft.com/developer/msbuild/2003">
  <ItemGroup>
    <ResourceCompile Include="resource.rc" />
  </ItemGroup>
  <ItemGroup>
    <ClCompile Include="01 game.cpp" />
    <ClCompile Include="ENEMY.cpp" />
    <ClCompile Include="ENEMIES.cpp" />
    <ClCompile Include="GAME.cpp" />
    <ClCompile Include="ENEMY1_2.cpp" />
    <ClCompile Include="ENEMIES1_2.cpp" />
    <ClCompile Include="PLAYER.cpp" />
    <ClCompile Include="ENEMY_BULLET.cpp" />
    <ClCompile Include="ENEMY_BULLETS.cpp" />
    <ClCompile Include="ENEMY_W.cpp" />
    <ClCompile Include="ENEMY1_3.cpp" />
    <ClCompile Include="ENEMIES1_3.cpp" />
  </ItemGroup>
  <ItemGroup>
    <ClInclude Include="CONTAINER.h" />
    <ClInclude Include="ENEMY.h" />
    <ClInclude Include="ENEMIES.h" />
    <ClInclude Include="GAME.h" />
    <ClInclude Include="ENEMY1_2.h" />
    <ClInclude Include="ENEMIES1_2.h" />
    <ClInclude Include="PLAYER.h" />
    <ClInclude Include="ENEMY_BULLET.h" />
    <ClInclude Include="ENEMY_BULLETS.h" />
    <ClInclude Include="ENEMY_W.h" />
    <ClInclude Include="ENEMY1_3.h" />
    <ClInclude Include="ENEMIES1_3.h" />
  </ItemGroup>
</Project>